
Microsoft Visual Studio Solution File, Format Version 12.00
# Visual Studio Version 17
VisualStudioVersion = 17.0.31903.59
MinimumVisualStudioVersion = 10.0.40219.1
Project("{2150E333-8FDC-42A3-9474-1A3956D46DE8}") = "src", "src", "{827E0CD3-B72D-47B6-A68D-7590B98EB39B}"
EndProject
Project("{FAE04EC0-301F-11D3-BF4B-00C04F79EFBC}") = "Flare.Contracts", "src\Flare.Contracts\Flare.Contracts.csproj", "{C619DB58-DB53-46FC-BB3E-A80FD2AF4B57}"
EndProject
Project("{FAE04EC0-301F-11D3-BF4B-00C04F79EFBC}") = "Flare.Api", "src\Flare.Api\Flare.Api.csproj", "{DCE7ABF8-3775-42DF-8254-3407876D82C7}"
EndProject
Project("{2150E333-8FDC-42A3-9474-1A3956D46DE8}") = "tests", "tests", "{0AB3BF05-4346-4AA6-1389-037BE0695223}"
EndProject
Project("{FAE04EC0-301F-11D3-BF4B-00C04F79EFBC}") = "Flare.Api.Tests", "tests\Flare.Api.Tests\Flare.Api.Tests.csproj", "{BCE936BA-5739-4C00-8858-15DA52887497}"
EndProject
Project("{FAE04EC0-301F-11D3-BF4B-00C04F79EFBC}") = "Flare.Mobile", "src\Flare.Mobile\Flare.Mobile.csproj", "{246533EE-1D0C-4431-A944-260FB8587F89}"
EndProject
Project("{FAE04EC0-301F-11D3-BF4B-00C04F79EFBC}") = "Flare.Mobile.Tests", "tests\Flare.Mobile.Tests\Flare.Mobile.Tests.csproj", "{0ABAAA84-B6E8-4B22-92C3-A1AC75CE4178}"
EndProject
Global
	GlobalSection(SolutionConfigurationPlatforms) = preSolution
		Debug|Any CPU = Debug|Any CPU
		Debug|x64 = Debug|x64
		Debug|x86 = Debug|x86
		Release|Any CPU = Release|Any CPU
		Release|x64 = Release|x64
		Release|x86 = Release|x86
	EndGlobalSection
	GlobalSection(ProjectConfigurationPlatforms) = postSolution
		{C619DB58-DB53-46FC-BB3E-A80FD2AF4B57}.Debug|Any CPU.ActiveCfg = Debug|Any CPU
		{C619DB58-DB53-46FC-BB3E-A80FD2AF4B57}.Debug|Any CPU.Build.0 = Debug|Any CPU
		{C619DB58-DB53-46FC-BB3E-A80FD2AF4B57}.Debug|x64.ActiveCfg = Debug|Any CPU
		{C619DB58-DB53-46FC-BB3E-A80FD2AF4B57}.Debug|x64.Build.0 = Debug|Any CPU
		{C619DB58-DB53-46FC-BB3E-A80FD2AF4B57}.Debug|x86.ActiveCfg = Debug|Any CPU
		{C619DB58-DB53-46FC-BB3E-A80FD2AF4B57}.Debug|x86.Build.0 = Debug|Any CPU
		{C619DB58-DB53-46FC-BB3E-A80FD2AF4B57}.Release|Any CPU.ActiveCfg = Release|Any CPU
		{C619DB58-DB53-46FC-BB3E-A80FD2AF4B57}.Release|Any CPU.Build.0 = Release|Any CPU
		{C619DB58-DB53-46FC-BB3E-A80FD2AF4B57}.Release|x64.ActiveCfg = Release|Any CPU
		{C619DB58-DB53-46FC-BB3E-A80FD2AF4B57}.Release|x64.Build.0 = Release|Any CPU
		{C619DB58-DB53-46FC-BB3E-A80FD2AF4B57}.Release|x86.ActiveCfg = Release|Any CPU
		{C619DB58-DB53-46FC-BB3E-A80FD2AF4B57}.Release|x86.Build.0 = Release|Any CPU
		{DCE7ABF8-3775-42DF-8254-3407876D82C7}.Debug|Any CPU.ActiveCfg = Debug|Any CPU
		{DCE7ABF8-3775-42DF-8254-3407876D82C7}.Debug|Any CPU.Build.0 = Debug|Any CPU
		{DCE7ABF8-3775-42DF-8254-3407876D82C7}.Debug|x64.ActiveCfg = Debug|Any CPU
		{DCE7ABF8-3775-42DF-8254-3407876D82C7}.Debug|x64.Build.0 = Debug|Any CPU
		{DCE7ABF8-3775-42DF-8254-3407876D82C7}.Debug|x86.ActiveCfg = Debug|Any CPU
		{DCE7ABF8-3775-42DF-8254-3407876D82C7}.Debug|x86.Build.0 = Debug|Any CPU
		{DCE7ABF8-3775-42DF-8254-3407876D82C7}.Release|Any CPU.ActiveCfg = Release|Any CPU
		{DCE7ABF8-3775-42DF-8254-3407876D82C7}.Release|Any CPU.Build.0 = Release|Any CPU
		{DCE7ABF8-3775-42DF-8254-3407876D82C7}.Release|x64.ActiveCfg = Release|Any CPU
		{DCE7ABF8-3775-42DF-8254-3407876D82C7}.Release|x64.Build.0 = Release|Any CPU
		{DCE7ABF8-3775-42DF-8254-3407876D82C7}.Release|x86.ActiveCfg = Release|Any CPU
		{DCE7ABF8-3775-42DF-8254-3407876D82C7}.Release|x86.Build.0 = Release|Any CPU
		{BCE936BA-5739-4C00-8858-15DA52887497}.Debug|Any CPU.ActiveCfg = Debug|Any CPU
		{BCE936BA-5739-4C00-8858-15DA52887497}.Debug|Any CPU.Build.0 = Debug|Any CPU
		{BCE936BA-5739-4C00-8858-15DA52887497}.Debug|x64.ActiveCfg = Debug|Any CPU
		{BCE936BA-5739-4C00-8858-15DA52887497}.Debug|x64.Build.0 = Debug|Any CPU
		{BCE936BA-5739-4C00-8858-15DA52887497}.Debug|x86.ActiveCfg = Debug|Any CPU
		{BCE936BA-5739-4C00-8858-15DA52887497}.Debug|x86.Build.0 = Debug|Any CPU
		{BCE936BA-5739-4C00-8858-15DA52887497}.Release|Any CPU.ActiveCfg = Release|Any CPU
		{BCE936BA-5739-4C00-8858-15DA52887497}.Release|Any CPU.Build.0 = Release|Any CPU
		{BCE936BA-5739-4C00-8858-15DA52887497}.Release|x64.ActiveCfg = Release|Any CPU
		{BCE936BA-5739-4C00-8858-15DA52887497}.Release|x64.Build.0 = Release|Any CPU
		{BCE936BA-5739-4C00-8858-15DA52887497}.Release|x86.ActiveCfg = Release|Any CPU
		{BCE936BA-5739-4C00-8858-15DA52887497}.Release|x86.Build.0 = Release|Any CPU
		{246533EE-1D0C-4431-A944-260FB8587F89}.Debug|Any CPU.ActiveCfg = Debug|Any CPU
		{246533EE-1D0C-4431-A944-260FB8587F89}.Debug|Any CPU.Build.0 = Debug|Any CPU
		{246533EE-1D0C-4431-A944-260FB8587F89}.Debug|x64.ActiveCfg = Debug|Any CPU
		{246533EE-1D0C-4431-A944-260FB8587F89}.Debug|x64.Build.0 = Debug|Any CPU
		{246533EE-1D0C-4431-A944-260FB8587F89}.Debug|x86.ActiveCfg = Debug|Any CPU
		{246533EE-1D0C-4431-A944-260FB8587F89}.Debug|x86.Build.0 = Debug|Any CPU
		{246533EE-1D0C-4431-A944-260FB8587F89}.Release|Any CPU.ActiveCfg = Release|Any CPU
		{246533EE-1D0C-4431-A944-260FB8587F89}.Release|Any CPU.Build.0 = Release|Any CPU
		{246533EE-1D0C-4431-A944-260FB8587F89}.Release|x64.ActiveCfg = Release|Any CPU
		{246533EE-1D0C-4431-A944-260FB8587F89}.Release|x64.Build.0 = Release|Any CPU
		{246533EE-1D0C-4431-A944-260FB8587F89}.Release|x86.ActiveCfg = Release|Any CPU
		{246533EE-1D0C-4431-A944-260FB8587F89}.Release|x86.Build.0 = Release|Any CPU
		{0ABAAA84-B6E8-4B22-92C3-A1AC75CE4178}.Debug|Any CPU.ActiveCfg = Debug|Any CPU
		{0ABAAA84-B6E8-4B22-92C3-A1AC75CE4178}.Debug|Any CPU.Build.0 = Debug|Any CPU
		{0ABAAA84-B6E8-4B22-92C3-A1AC75CE4178}.Debug|x64.ActiveCfg = Debug|Any CPU
		{0ABAAA84-B6E8-4B22-92C3-A1AC75CE4178}.Debug|x64.Build.0 = Debug|Any CPU
		{0ABAAA84-B6E8-4B22-92C3-A1AC75CE4178}.Debug|x86.ActiveCfg = Debug|Any CPU
		{0ABAAA84-B6E8-4B22-92C3-A1AC75CE4178}.Debug|x86.Build.0 = Debug|Any CPU
		{0ABAAA84-B6E8-4B22-92C3-A1AC75CE4178}.Release|Any CPU.ActiveCfg = Release|Any CPU
		{0ABAAA84-B6E8-4B22-92C3-A1AC75CE4178}.Release|Any CPU.Build.0 = Release|Any CPU
		{0ABAAA84-B6E8-4B22-92C3-A1AC75CE4178}.Release|x64.ActiveCfg = Release|Any CPU
		{0ABAAA84-B6E8-4B22-92C3-A1AC75CE4178}.Release|x64.Build.0 = Release|Any CPU
		{0ABAAA84-B6E8-4B22-92C3-A1AC75CE4178}.Release|x86.ActiveCfg = Release|Any CPU
		{0ABAAA84-B6E8-4B22-92C3-A1AC75CE4178}.Release|x86.Build.0 = Release|Any CPU
	EndGlobalSection
	GlobalSection(SolutionProperties) = preSolution
		HideSolutionNode = FALSE
	EndGlobalSection
	GlobalSection(NestedProjects) = preSolution
		{C619DB58-DB53-46FC-BB3E-A80FD2AF4B57} = {827E0CD3-B72D-47B6-A68D-7590B98EB39B}
		{DCE7ABF8-3775-42DF-8254-3407876D82C7} = {827E0CD3-B72D-47B6-A68D-7590B98EB39B}
		{BCE936BA-5739-4C00-8858-15DA52887497} = {0AB3BF05-4346-4AA6-1389-037BE0695223}
		{246533EE-1D0C-4431-A944-260FB8587F89} = {827E0CD3-B72D-47B6-A68D-7590B98EB39B}
		{0ABAAA84-B6E8-4B22-92C3-A1AC75CE4178} = {0AB3BF05-4346-4AA6-1389-037BE0695223}
	EndGlobalSection
EndGlobal
